
Microsoft Visual Studio Solution File, Format Version 10.00
# Visual Studio 2008
Project("{8BC9CEB8-8B4A-11D0-8D11-00A0C91BC942}") = "MaxGUP", "MaxGUP.vcproj", "{6671F0BA-6FB8-4F35-8392-0676D05113A8}"
EndProject
Global
	GlobalSection(SolutionConfigurationPlatforms) = preSolution
		Debug|Win32 = Debug|Win32
		DebugUnicode|Win32 = DebugUnicode|Win32
		Hybrid|Win32 = Hybrid|Win32
		HybridUnicode|Win32 = HybridUnicode|Win32
		Release|Win32 = Release|Win32
		ReleaseUnicode|Win32 = ReleaseUnicode|Win32
	EndGlobalSection
	GlobalSection(ProjectConfigurationPlatforms) = postSolution
		{6671F0BA-6FB8-4F35-8392-0676D05113A8}.Debug|Win32.ActiveCfg = Debug|Win32
		{6671F0BA-6FB8-4F35-8392-0676D05113A8}.Debug|Win32.Build.0 = Debug|Win32
		{6671F0BA-6FB8-4F35-8392-0676D05113A8}.DebugUnicode|Win32.ActiveCfg = DebugUnicode|Win32
		{6671F0BA-6FB8-4F35-8392-0676D05113A8}.DebugUnicode|Win32.Build.0 = DebugUnicode|Win32
		{6671F0BA-6FB8-4F35-8392-0676D05113A8}.Hybrid|Win32.ActiveCfg = Hybrid|Win32
		{6671F0BA-6FB8-4F35-8392-0676D05113A8}.Hybrid|Win32.Build.0 = Hybrid|Win32
		{6671F0BA-6FB8-4F35-8392-0676D05113A8}.HybridUnicode|Win32.ActiveCfg = HybridUnicode|Win32
		{6671F0BA-6FB8-4F35-8392-0676D05113A8}.HybridUnicode|Win32.Build.0 = HybridUnicode|Win32
		{6671F0BA-6FB8-4F35-8392-0676D05113A8}.Release|Win32.ActiveCfg = Release|Win32
		{6671F0BA-6FB8-4F35-8392-0676D05113A8}.Release|Win32.Build.0 = Release|Win32
		{6671F0BA-6FB8-4F35-8392-0676D05113A8}.ReleaseUnicode|Win32.ActiveCfg = ReleaseUnicode|Win32
		{6671F0BA-6FB8-4F35-8392-0676D05113A8}.ReleaseUnicode|Win32.Build.0 = ReleaseUnicode|Win32
	EndGlobalSection
	GlobalSection(SolutionProperties) = preSolution
		HideSolutionNode = FALSE
	EndGlobalSection
EndGlobal
